# THIS IS AN AUTOGENERATED FILE. DO NOT EDIT THIS FILE DIRECTLY.
# yarn lockfile v1


"@supabase/functions-js@^1.1.4":
  version "1.2.0"
  resolved "https://registry.yarnpkg.com/@supabase/functions-js/-/functions-js-1.2.0.tgz#8f114a52ba6aa511b69172321796e8f0225b1dcc"
  integrity sha512-vT/dEuwY7occ5Upuev0vuGCAo/cVltbv+8mOKugA5Lsf9W5S0PlXy4di/cGF6ryvsQfYXr1ebEWNlgKgGUOCtA==
  dependencies:
    cross-fetch "^3.1.5"

"@supabase/gotrue-js@^1.22.8":
  version "1.22.8"
  resolved "https://registry.yarnpkg.com/@supabase/gotrue-js/-/gotrue-js-1.22.8.tgz#5e7d128782165df4e7cf390b4e5e7208176d3ab9"
  integrity sha512-2mG5M3goHSPwwQzjbgw5lmUNeVexOaPIFcUmUU9p9mwsSzbZ5u2pKbZGVS/9aBaJoD8YvW8khMej9XaGEFQeiQ==
  dependencies:
    cross-fetch "^3.0.6"

"@supabase/postgrest-js@^0.37.1":
  version "0.37.1"
  resolved "https://registry.yarnpkg.com/@supabase/postgrest-js/-/postgrest-js-0.37.1.tgz#6b7375e3f1102ebbff5f296cf2f998285122cabf"
  integrity sha512-Lm7eLuYzEr7ppGC84mlqpm8v9Vy8kyR6he6z3avrkccC8pwLOsxaK0bkKiV4LBwkJc7uARMTdlp+IskatHkz2g==
  dependencies:
    cross-fetch "^3.0.6"

"@supabase/realtime-js@^1.4.0":
  version "1.4.0"
  resolved "https://registry.yarnpkg.com/@supabase/realtime-js/-/realtime-js-1.4.0.tgz#484fb241d746ea4d85781dd7ff05103892a74204"
  integrity sha512-KHSyb2IengH92RaTmY7hhhJ43ZdDsJfVjFqvXVb0t1MQRgLfrVfcGxbWFPhU3sBvwzsvudRM4jLO0ZrzVezL2w==
  dependencies:
    "@types/lodash.clonedeep" "^4.5.6"
    "@types/phoenix" "^1.5.4"
    "@types/websocket" "^1.0.3"
    lodash.clonedeep "^4.5.0"
    websocket "^1.0.34"

"@supabase/storage-js@^1.6.4":
  version "1.6.4"
  resolved "https://registry.yarnpkg.com/@supabase/storage-js/-/storage-js-1.6.4.tgz#001f0fd6c62bbe398253617462c70a35ba21be28"
  integrity sha512-vYcr1JGRf8Wr4v+lb8Ucl0bELwCZv8lT/PrYuhEKfJff6BI6/nTJp8rRZSRaDESQR8JlpaLaL+dmD/wsNqZnNQ==
  dependencies:
    cross-fetch "^3.1.0"

"@supabase/supabase-js@^1.32.0":
  version "1.32.0"
  resolved "https://registry.yarnpkg.com/@supabase/supabase-js/-/supabase-js-1.32.0.tgz#de65861dd2afda1b559e200ded93ccd9d3105f60"
  integrity sha512-ty9AYcrchxPcTqD8cixph8/q/gyZ8qNcZOdrPXkIsOonume61opMCtQ2aSOw5wWa1CcTl0uMzUTfUv4uDDzfYw==
  dependencies:
    "@supabase/functions-js" "^1.1.4"
    "@supabase/gotrue-js" "^1.22.8"
    "@supabase/postgrest-js" "^0.37.1"
    "@supabase/realtime-js" "^1.4.0"
    "@supabase/storage-js" "^1.6.4"

"@types/lodash.clonedeep@^4.5.6":
  version "4.5.6"
  resolved "https://registry.yarnpkg.com/@types/lodash.clonedeep/-/lodash.clonedeep-4.5.6.tgz#3b6c40a0affe0799a2ce823b440a6cf33571d32b"
  integrity sha512-cE1jYr2dEg1wBImvXlNtp0xDoS79rfEdGozQVgliDZj1uERH4k+rmEMTudP9b4VQ8O6nRb5gPqft0QzEQGMQgA==
  dependencies:
    "@types/lodash" "*"

"@types/lodash@*":
  version "4.14.180"
  resolved "https://registry.yarnpkg.com/@types/lodash/-/lodash-4.14.180.tgz#4ab7c9ddfc92ec4a887886483bc14c79fb380670"
  integrity sha512-XOKXa1KIxtNXgASAnwj7cnttJxS4fksBRywK/9LzRV5YxrF80BXZIGeQSuoESQ/VkUj30Ae0+YcuHc15wJCB2g==

"@types/node@*":
  version "17.0.23"
  resolved "https://registry.yarnpkg.com/@types/node/-/node-17.0.23.tgz#3b41a6e643589ac6442bdbd7a4a3ded62f33f7da"
  integrity sha512-UxDxWn7dl97rKVeVS61vErvw086aCYhDLyvRQZ5Rk65rZKepaFdm53GeqXaKBuOhED4e9uWq34IC3TdSdJJ2Gw==

"@types/phoenix@^1.5.4":
  version "1.5.4"
  resolved "https://registry.yarnpkg.com/@types/phoenix/-/phoenix-1.5.4.tgz#c08a1da6d7b4e365f6a1fe1ff9aada55f5356d24"
  integrity sha512-L5eZmzw89eXBKkiqVBcJfU1QGx9y+wurRIEgt0cuLH0hwNtVUxtx+6cu0R2STwWj468sjXyBYPYDtGclUd1kjQ==

"@types/websocket@^1.0.3":
  version "1.0.5"
  resolved "https://registry.yarnpkg.com/@types/websocket/-/websocket-1.0.5.tgz#3fb80ed8e07f88e51961211cd3682a3a4a81569c"
  integrity sha512-NbsqiNX9CnEfC1Z0Vf4mE1SgAJ07JnRYcNex7AJ9zAVzmiGHmjKFEk7O4TJIsgv2B1sLEb6owKFZrACwdYngsQ==
  dependencies:
    "@types/node" "*"

bufferutil@^4.0.1:
  version "4.0.6"
  resolved "https://registry.yarnpkg.com/bufferutil/-/bufferutil-4.0.6.tgz#ebd6c67c7922a0e902f053e5d8be5ec850e48433"
  integrity sha512-jduaYOYtnio4aIAyc6UbvPCVcgq7nYpVnucyxr6eCYg/Woad9Hf/oxxBRDnGGjPfjUm6j5O/uBWhIu4iLebFaw==
  dependencies:
    node-gyp-build "^4.3.0"

cross-fetch@^3.0.6, cross-fetch@^3.1.0, cross-fetch@^3.1.5:
  version "3.1.5"
  resolved "https://registry.yarnpkg.com/cross-fetch/-/cross-fetch-3.1.5.tgz#e1389f44d9e7ba767907f7af8454787952ab534f"
  integrity sha512-lvb1SBsI0Z7GDwmuid+mU3kWVBwTVUbe7S0H52yaaAdQOXq2YktTCZdlAcNKFzE6QtRz0snpw9bNiPeOIkkQvw==
  dependencies:
    node-fetch "2.6.7"

d@1, d@^1.0.1:
  version "1.0.1"
  resolved "https://registry.yarnpkg.com/d/-/d-1.0.1.tgz#8698095372d58dbee346ffd0c7093f99f8f9eb5a"
  integrity sha512-m62ShEObQ39CfralilEQRjH6oAMtNCV1xJyEx5LpRYUVN+EviphDgUc/F3hnYbADmkiNs67Y+3ylmlG7Lnu+FA==
  dependencies:
    es5-ext "^0.10.50"
    type "^1.0.1"

debug@^2.2.0:
  version "2.6.9"
  resolved "https://registry.yarnpkg.com/debug/-/debug-2.6.9.tgz#5d128515df134ff327e90a4c93f4e077a536341f"
  integrity sha512-bC7ElrdJaJnPbAP+1EotYvqZsb3ecl5wi6Bfi6BJTUcNowp6cvspg0jXznRTKDjm/E7AdgFBVeAPVMNcKGsHMA==
  dependencies:
    ms "2.0.0"

dotenv@^16.0.0:
  version "16.0.0"
  resolved "https://registry.yarnpkg.com/dotenv/-/dotenv-16.0.0.tgz#c619001253be89ebb638d027b609c75c26e47411"
  integrity sha512-qD9WU0MPM4SWLPJy/r2Be+2WgQj8plChsyrCNQzW/0WjvcJQiKQJ9mH3ZgB3fxbUUxgc/11ZJ0Fi5KiimWGz2Q==

es5-ext@^0.10.35, es5-ext@^0.10.50:
  version "0.10.59"
  resolved "https://registry.yarnpkg.com/es5-ext/-/es5-ext-0.10.59.tgz#71038939730eb6f4f165f1421308fb60be363bc6"
  integrity sha512-cOgyhW0tIJyQY1Kfw6Kr0viu9ZlUctVchRMZ7R0HiH3dxTSp5zJDLecwxUqPUrGKMsgBI1wd1FL+d9Jxfi4cLw==
  dependencies:
    es6-iterator "^2.0.3"
    es6-symbol "^3.1.3"
    next-tick "^1.1.0"

es6-iterator@^2.0.3:
  version "2.0.3"
  resolved "https://registry.yarnpkg.com/es6-iterator/-/es6-iterator-2.0.3.tgz#a7de889141a05a94b0854403b2d0a0fbfa98f3b7"
  integrity sha1-p96IkUGgWpSwhUQDstCg+/qY87c=
  dependencies:
    d "1"
    es5-ext "^0.10.35"
    es6-symbol "^3.1.1"

es6-symbol@^3.1.1, es6-symbol@^3.1.3:
  version "3.1.3"
  resolved "https://registry.yarnpkg.com/es6-symbol/-/es6-symbol-3.1.3.tgz#bad5d3c1bcdac28269f4cb331e431c78ac705d18"
  integrity sha512-NJ6Yn3FuDinBaBRWl/q5X/s4koRHBrgKAu+yGI6JCBeiu3qrcbJhwT2GeR/EXVfylRk8dpQVJoLEFhK+Mu31NA==
  dependencies:
    d "^1.0.1"
    ext "^1.1.2"

ext@^1.1.2:
  version "1.6.0"
  resolved "https://registry.yarnpkg.com/ext/-/ext-1.6.0.tgz#3871d50641e874cc172e2b53f919842d19db4c52"
  integrity sha512-sdBImtzkq2HpkdRLtlLWDa6w4DX22ijZLKx8BMPUuKe1c5lbN6xwQDQCxSfxBQnHZ13ls/FH0MQZx/q/gr6FQg==
  dependencies:
    type "^2.5.0"

is-typedarray@^1.0.0:
  version "1.0.0"
  resolved "https://registry.yarnpkg.com/is-typedarray/-/is-typedarray-1.0.0.tgz#e479c80858df0c1b11ddda6940f96011fcda4a9a"
  integrity sha1-5HnICFjfDBsR3dppQPlgEfzaSpo=

lodash.clonedeep@^4.5.0:
  version "4.5.0"
  resolved "https://registry.yarnpkg.com/lodash.clonedeep/-/lodash.clonedeep-4.5.0.tgz#e23f3f9c4f8fbdde872529c1071857a086e5ccef"
  integrity sha1-4j8/nE+Pvd6HJSnBBxhXoIblzO8=

ms@2.0.0:
  version "2.0.0"
  resolved "https://registry.yarnpkg.com/ms/-/ms-2.0.0.tgz#5608aeadfc00be6c2901df5f9861788de0d597c8"
  integrity sha1-VgiurfwAvmwpAd9fmGF4jeDVl8g=

next-tick@^1.1.0:
  version "1.1.0"
  resolved "https://registry.yarnpkg.com/next-tick/-/next-tick-1.1.0.tgz#1836ee30ad56d67ef281b22bd199f709449b35eb"
  integrity sha512-CXdUiJembsNjuToQvxayPZF9Vqht7hewsvy2sOWafLvi2awflj9mOC6bHIg50orX8IJvWKY9wYQ/zB2kogPslQ==

node-fetch@2.6.7:
  version "2.6.7"
  resolved "https://registry.yarnpkg.com/node-fetch/-/node-fetch-2.6.7.tgz#24de9fba827e3b4ae44dc8b20256a379160052ad"
  integrity sha512-ZjMPFEfVx5j+y2yF35Kzx5sF7kDzxuDj6ziH4FFbOp87zKDZNx8yExJIb05OGF4Nlt9IHFIMBkRl41VdvcNdbQ==
  dependencies:
    whatwg-url "^5.0.0"

node-gyp-build@^4.3.0:
  version "4.3.0"
  resolved "https://registry.yarnpkg.com/node-gyp-build/-/node-gyp-build-4.3.0.tgz#9f256b03e5826150be39c764bf51e993946d71a3"
  integrity sha512-iWjXZvmboq0ja1pUGULQBexmxq8CV4xBhX7VDOTbL7ZR4FOowwY/VOtRxBN/yKxmdGoIp4j5ysNT4u3S2pDQ3Q==

tr46@~0.0.3:
  version "0.0.3"
  resolved "https://registry.yarnpkg.com/tr46/-/tr46-0.0.3.tgz#8184fd347dac9cdc185992f3a6622e14b9d9ab6a"
  integrity sha1-gYT9NH2snNwYWZLzpmIuFLnZq2o=

type@^1.0.1:
  version "1.2.0"
  resolved "https://registry.yarnpkg.com/type/-/type-1.2.0.tgz#848dd7698dafa3e54a6c479e759c4bc3f18847a0"
  integrity sha512-+5nt5AAniqsCnu2cEQQdpzCAh33kVx8n0VoFidKpB1dVVLAN/F+bgVOqOJqOnEnrhp222clB5p3vUlD+1QAnfg==

type@^2.5.0:
  version "2.6.0"
  resolved "https://registry.yarnpkg.com/type/-/type-2.6.0.tgz#3ca6099af5981d36ca86b78442973694278a219f"
  integrity sha512-eiDBDOmkih5pMbo9OqsqPRGMljLodLcwd5XD5JbtNB0o89xZAwynY9EdCDsJU7LtcVCClu9DvM7/0Ep1hYX3EQ==

typedarray-to-buffer@^3.1.5:
  version "3.1.5"
  resolved "https://registry.yarnpkg.com/typedarray-to-buffer/-/typedarray-to-buffer-3.1.5.tgz#a97ee7a9ff42691b9f783ff1bc5112fe3fca9080"
  integrity sha512-zdu8XMNEDepKKR+XYOXAVPtWui0ly0NtohUscw+UmaHiAWT8hrV1rr//H6V+0DvJ3OQ19S979M0laLfX8rm82Q==
  dependencies:
    is-typedarray "^1.0.0"

utf-8-validate@^5.0.2:
  version "5.0.9"
  resolved "https://registry.yarnpkg.com/utf-8-validate/-/utf-8-validate-5.0.9.tgz#ba16a822fbeedff1a58918f2a6a6b36387493ea3"
  integrity sha512-Yek7dAy0v3Kl0orwMlvi7TPtiCNrdfHNd7Gcc/pLq4BLXqfAmd0J7OWMizUQnTTJsyjKn02mU7anqwfmUP4J8Q==
  dependencies:
    node-gyp-build "^4.3.0"

webidl-conversions@^3.0.0:
  version "3.0.1"
  resolved "https://registry.yarnpkg.com/webidl-conversions/-/webidl-conversions-3.0.1.tgz#24534275e2a7bc6be7bc86611cc16ae0a5654871"
  integrity sha1-JFNCdeKnvGvnvIZhHMFq4KVlSHE=

websocket@^1.0.34:
  version "1.0.34"
  resolved "https://registry.yarnpkg.com/websocket/-/websocket-1.0.34.tgz#2bdc2602c08bf2c82253b730655c0ef7dcab3111"
  integrity sha512-PRDso2sGwF6kM75QykIesBijKSVceR6jL2G8NGYyq2XrItNC2P5/qL5XeR056GhA+Ly7JMFvJb9I312mJfmqnQ==
  dependencies:
    bufferutil "^4.0.1"
    debug "^2.2.0"
    es5-ext "^0.10.50"
    typedarray-to-buffer "^3.1.5"
    utf-8-validate "^5.0.2"
    yaeti "^0.0.6"

whatwg-url@^5.0.0:
  version "5.0.0"
  resolved "https://registry.yarnpkg.com/whatwg-url/-/whatwg-url-5.0.0.tgz#966454e8765462e37644d3626f6742ce8b70965d"
  integrity sha1-lmRU6HZUYuN2RNNib2dCzotwll0=
  dependencies:
    tr46 "~0.0.3"
    webidl-conversions "^3.0.0"

yaeti@^0.0.6:
  version "0.0.6"
  resolved "https://registry.yarnpkg.com/yaeti/-/yaeti-0.0.6.tgz#f26f484d72684cf42bedfb76970aa1608fbf9577"
  integrity sha1-8m9ITXJoTPQr7ft2lwqhYI+/lXc=
